
Microsoft Visual Studio Solution File, Format Version 12.00
# Visual Studio Version 17
VisualStudioVersion = 17.7.34031.279
MinimumVisualStudioVersion = 10.0.40219.1
Project("{FAE04EC0-301F-11D3-BF4B-00C04F79EFBC}") = "rszi31", "rszi31\rszi31.csproj", "{1FE9F3EF-3650-4F9E-9D41-3E0A8F302924}"
EndProject
Project("{FAE04EC0-301F-11D3-BF4B-00C04F79EFBC}") = "serverWCF", "e\serverWCF.csproj", "{C0D30815-44FF-4421-891F-7644AE06F23F}"
EndProject
Project("{FAE04EC0-301F-11D3-BF4B-00C04F79EFBC}") = "WCFFROSERVICE", "WCFFROSERVICE\WCFFROSERVICE.csproj", "{ABCBA89D-E21B-4677-A687-E135ABD9281F}"
EndProject
Global
	GlobalSection(SolutionConfigurationPlatforms) = preSolution
		Debug|Any CPU = Debug|Any CPU
		Release|Any CPU = Release|Any CPU
	EndGlobalSection
	GlobalSection(ProjectConfigurationPlatforms) = postSolution
		{1FE9F3EF-3650-4F9E-9D41-3E0A8F302924}.Debug|Any CPU.ActiveCfg = Debug|Any CPU
		{1FE9F3EF-3650-4F9E-9D41-3E0A8F302924}.Debug|Any CPU.Build.0 = Debug|Any CPU
		{1FE9F3EF-3650-4F9E-9D41-3E0A8F302924}.Release|Any CPU.ActiveCfg = Release|Any CPU
		{1FE9F3EF-3650-4F9E-9D41-3E0A8F302924}.Release|Any CPU.Build.0 = Release|Any CPU
		{C0D30815-44FF-4421-891F-7644AE06F23F}.Debug|Any CPU.ActiveCfg = Debug|Any CPU
		{C0D30815-44FF-4421-891F-7644AE06F23F}.Debug|Any CPU.Build.0 = Debug|Any CPU
		{C0D30815-44FF-4421-891F-7644AE06F23F}.Release|Any CPU.ActiveCfg = Release|Any CPU
		{C0D30815-44FF-4421-891F-7644AE06F23F}.Release|Any CPU.Build.0 = Release|Any CPU
		{ABCBA89D-E21B-4677-A687-E135ABD9281F}.Debug|Any CPU.ActiveCfg = Debug|Any CPU
		{ABCBA89D-E21B-4677-A687-E135ABD9281F}.Debug|Any CPU.Build.0 = Debug|Any CPU
		{ABCBA89D-E21B-4677-A687-E135ABD9281F}.Release|Any CPU.ActiveCfg = Release|Any CPU
		{ABCBA89D-E21B-4677-A687-E135ABD9281F}.Release|Any CPU.Build.0 = Release|Any CPU
	EndGlobalSection
	GlobalSection(SolutionProperties) = preSolution
		HideSolutionNode = FALSE
	EndGlobalSection
	GlobalSection(ExtensibilityGlobals) = postSolution
		SolutionGuid = {389EB9E0-AA1C-4F1E-88E8-4678A1CE49EC}
	EndGlobalSection
EndGlobal
